// !$*UTF8*$!
{
	archiveVersion = 1;
	classes = {
	};
	objectVersion = 48;
	objects = {

/* Begin PBXBuildFile section */
		8E3B1818D1185EAFBF5190F5 /* Pods_migrateSample.framework in Frameworks */ = {isa = PBXBuildFile; fileRef = BA6EB9CD2952D5AB523BB854 /* Pods_migrateSample.framework */; };
		BB2B16B61F7CA26E009AF40D /* AppDelegate.swift in Sources */ = {isa = PBXBuildFile; fileRef = BB2B16B51F7CA26E009AF40D /* AppDelegate.swift */; };
		BB2B16B81F7CA26E009AF40D /* ViewController.swift in Sources */ = {isa = PBXBuildFile; fileRef = BB2B16B71F7CA26E009AF40D /* ViewController.swift */; };
		BB2B16BB1F7CA26E009AF40D /* Main.storyboard in Resources */ = {isa = PBXBuildFile; fileRef = BB2B16B91F7CA26E009AF40D /* Main.storyboard */; };
		BB2B16BE1F7CA26E009AF40D /* migrateSample.xcdatamodeld in Sources */ = {isa = PBXBuildFile; fileRef = BB2B16BC1F7CA26E009AF40D /* migrateSample.xcdatamodeld */; };
		BB2B16C01F7CA26E009AF40D /* Assets.xcassets in Resources */ = {isa = PBXBuildFile; fileRef = BB2B16BF1F7CA26E009AF40D /* Assets.xcassets */; };
		BB2B16C31F7CA26E009AF40D /* LaunchScreen.storyboard in Resources */ = {isa = PBXBuildFile; fileRef = BB2B16C11F7CA26E009AF40D /* LaunchScreen.storyboard */; };
		BB2B16CE1F7CA26E009AF40D /* migrateSampleTests.swift in Sources */ = {isa = PBXBuildFile; fileRef = BB2B16CD1F7CA26E009AF40D /* migrateSampleTests.swift */; };
		BB2B16DA1F7CA4E7009AF40D /* CloudKit.framework in Frameworks */ = {isa = PBXBuildFile; fileRef = BB2B16D91F7CA4E7009AF40D /* CloudKit.framework */; };
/* End PBXBuildFile section */

/* Begin PBXContainerItemProxy section */
		BB2B16CA1F7CA26E009AF40D /* PBXContainerItemProxy */ = {
			isa = PBXContainerItemProxy;
			containerPortal = BB2B16AA1F7CA26E009AF40D /* Project object */;
			proxyType = 1;
			remoteGlobalIDString = BB2B16B11F7CA26E009AF40D;
			remoteInfo = migrateSample;
		};
/* End PBXContainerItemProxy section */

/* Begin PBXFileReference section */
		9357B4868833F591E71A79FC /* Pods-migrateSample.release.xcconfig */ = {isa = PBXFileReference; includeInIndex = 1; lastKnownFileType = text.xcconfig; name = "Pods-migrateSample.release.xcconfig"; path = "Pods/Target Support Files/Pods-migrateSample/Pods-migrateSample.release.xcconfig"; sourceTree = "<group>"; };
		BA6EB9CD2952D5AB523BB854 /* Pods_migrateSample.framework */ = {isa = PBXFileReference; explicitFileType = wrapper.framework; includeInIndex = 0; path = Pods_migrateSample.framework; sourceTree = BUILT_PRODUCTS_DIR; };
		BB2B16B21F7CA26E009AF40D /* migrateSample.app */ = {isa = PBXFileReference; explicitFileType = wrapper.application; includeInIndex = 0; path = migrateSample.app; sourceTree = BUILT_PRODUCTS_DIR; };
		BB2B16B51F7CA26E009AF40D /* AppDelegate.swift */ = {isa = PBXFileReference; lastKnownFileType = sourcecode.swift; path = AppDelegate.swift; sourceTree = "<group>"; };
		BB2B16B71F7CA26E009AF40D /* ViewController.swift */ = {isa = PBXFileReference; lastKnownFileType = sourcecode.swift; path = ViewController.swift; sourceTree = "<group>"; };
		BB2B16BA1F7CA26E009AF40D /* Base */ = {isa = PBXFileReference; lastKnownFileType = file.storyboard; name = Base; path = Base.lproj/Main.storyboard; sourceTree = "<group>"; };
		BB2B16BD1F7CA26E009AF40D /* migrateSample.xcdatamodel */ = {isa = PBXFileReference; lastKnownFileType = wrapper.xcdatamodel; path = migrateSample.xcdatamodel; sourceTree = "<group>"; };
		BB2B16BF1F7CA26E009AF40D /* Assets.xcassets */ = {isa = PBXFileReference; lastKnownFileType = folder.assetcatalog; path = Assets.xcassets; sourceTree = "<group>"; };
		BB2B16C21F7CA26E009AF40D /* Base */ = {isa = PBXFileReference; lastKnownFileType = file.storyboard; name = Base; path = Base.lproj/LaunchScreen.storyboard; sourceTree = "<group>"; };
		BB2B16C41F7CA26E009AF40D /* Info.plist */ = {isa = PBXFileReference; lastKnownFileType = text.plist.xml; path = Info.plist; sourceTree = "<group>"; };
		BB2B16C91F7CA26E009AF40D /* migrateSampleTests.xctest */ = {isa = PBXFileReference; explicitFileType = wrapper.cfbundle; includeInIndex = 0; path = migrateSampleTests.xctest; sourceTree = BUILT_PRODUCTS_DIR; };
		BB2B16CD1F7CA26E009AF40D /* migrateSampleTests.swift */ = {isa = PBXFileReference; lastKnownFileType = sourcecode.swift; path = migrateSampleTests.swift; sourceTree = "<group>"; };
		BB2B16CF1F7CA26E009AF40D /* Info.plist */ = {isa = PBXFileReference; lastKnownFileType = text.plist.xml; path = Info.plist; sourceTree = "<group>"; };
		BB2B16D81F7CA4DC009AF40D /* migrateSample.entitlements */ = {isa = PBXFileReference; lastKnownFileType = text.plist.entitlements; path = migrateSample.entitlements; sourceTree = "<group>"; };
		BB2B16D91F7CA4E7009AF40D /* CloudKit.framework */ = {isa = PBXFileReference; lastKnownFileType = wrapper.framework; name = CloudKit.framework; path = System/Library/Frameworks/CloudKit.framework; sourceTree = SDKROOT; };
		C5A437A953276C1FCF9329CA /* Pods-migrateSample.debug.xcconfig */ = {isa = PBXFileReference; includeInIndex = 1; lastKnownFileType = text.xcconfig; name = "Pods-migrateSample.debug.xcconfig"; path = "Pods/Target Support Files/Pods-migrateSample/Pods-migrateSample.debug.xcconfig"; sourceTree = "<group>"; };
/* End PBXFileReference section */

/* Begin PBXFrameworksBuildPhase section */
		BB2B16AF1F7CA26E009AF40D /* Frameworks */ = {
			isa = PBXFrameworksBuildPhase;
			buildActionMask = 2147483647;
			files = (
				8E3B1818D1185EAFBF5190F5 /* Pods_migrateSample.framework in Frameworks */,
				BB2B16DA1F7CA4E7009AF40D /* CloudKit.framework in Frameworks */,
			);
			runOnlyForDeploymentPostprocessing = 0;
		};
		BB2B16C61F7CA26E009AF40D /* Frameworks */ = {
			isa = PBXFrameworksBuildPhase;
			buildActionMask = 2147483647;
			files = (
			);
			runOnlyForDeploymentPostprocessing = 0;
		};
/* End PBXFrameworksBuildPhase section */

/* Begin PBXGroup section */
		6763A8C0056DDCFF4805DCBA /* Pods */ = {
			isa = PBXGroup;
			children = (
				C5A437A953276C1FCF9329CA /* Pods-migrateSample.debug.xcconfig */,
				9357B4868833F591E71A79FC /* Pods-migrateSample.release.xcconfig */,
			);
			name = Pods;
			sourceTree = "<group>";
		};
		BB2B16A91F7CA26E009AF40D = {
			isa = PBXGroup;
			children = (
				BB2B16B41F7CA26E009AF40D /* migrateSample */,
				BB2B16CC1F7CA26E009AF40D /* migrateSampleTests */,
				BB2B16B31F7CA26E009AF40D /* Products */,
				6763A8C0056DDCFF4805DCBA /* Pods */,
				E23FC0C79863261341F0D13F /* Frameworks */,
			);
			sourceTree = "<group>";
		};
		BB2B16B31F7CA26E009AF40D /* Products */ = {
			isa = PBXGroup;
			children = (
				BB2B16B21F7CA26E009AF40D /* migrateSample.app */,
				BB2B16C91F7CA26E009AF40D /* migrateSampleTests.xctest */,
			);
			name = Products;
			sourceTree = "<group>";
		};
		BB2B16B41F7CA26E009AF40D /* migrateSample */ = {
			isa = PBXGroup;
			children = (
				BB2B16D81F7CA4DC009AF40D /* migrateSample.entitlements */,
				BB2B16B51F7CA26E009AF40D /* AppDelegate.swift */,
				BB2B16B71F7CA26E009AF40D /* ViewController.swift */,
				BB2B16B91F7CA26E009AF40D /* Main.storyboard */,
				BB2B16BF1F7CA26E009AF40D /* Assets.xcassets */,
				BB2B16C11F7CA26E009AF40D /* LaunchScreen.storyboard */,
				BB2B16C41F7CA26E009AF40D /* Info.plist */,
				BB2B16BC1F7CA26E009AF40D /* migrateSample.xcdatamodeld */,
			);
			path = migrateSample;
			sourceTree = "<group>";
		};
		BB2B16CC1F7CA26E009AF40D /* migrateSampleTests */ = {
			isa = PBXGroup;
			children = (
				BB2B16CD1F7CA26E009AF40D /* migrateSampleTests.swift */,
				BB2B16CF1F7CA26E009AF40D /* Info.plist */,
			);
			path = migrateSampleTests;
			sourceTree = "<group>";
		};
		E23FC0C79863261341F0D13F /* Frameworks */ = {
			isa = PBXGroup;
			children = (
				BB2B16D91F7CA4E7009AF40D /* CloudKit.framework */,
				BA6EB9CD2952D5AB523BB854 /* Pods_migrateSample.framework */,
			);
			name = Frameworks;
			sourceTree = "<group>";
		};
/* End PBXGroup section */

/* Begin PBXNativeTarget section */
		BB2B16B11F7CA26E009AF40D /* migrateSample */ = {
			isa = PBXNativeTarget;
			buildConfigurationList = BB2B16D21F7CA26E009AF40D /* Build configuration list for PBXNativeTarget "migrateSample" */;
			buildPhases = (
				EDEE31A9761567E008D363BD /* [CP] Check Pods Manifest.lock */,
				BB2B16AE1F7CA26E009AF40D /* Sources */,
				BB2B16AF1F7CA26E009AF40D /* Frameworks */,
				BB2B16B01F7CA26E009AF40D /* Resources */,
				D2163400D0B10BA5698887B8 /* [CP] Embed Pods Frameworks */,
				AAFFA33D90B47883B7A08163 /* [CP] Copy Pods Resources */,
			);
			buildRules = (
			);
			dependencies = (
			);
			name = migrateSample;
			productName = migrateSample;
			productReference = BB2B16B21F7CA26E009AF40D /* migrateSample.app */;
			productType = "com.apple.product-type.application";
		};
		BB2B16C81F7CA26E009AF40D /* migrateSampleTests */ = {
			isa = PBXNativeTarget;
			buildConfigurationList = BB2B16D51F7CA26E009AF40D /* Build configuration list for PBXNativeTarget "migrateSampleTests" */;
			buildPhases = (
				BB2B16C51F7CA26E009AF40D /* Sources */,
				BB2B16C61F7CA26E009AF40D /* Frameworks */,
				BB2B16C71F7CA26E009AF40D /* Resources */,
			);
			buildRules = (
			);
			dependencies = (
				BB2B16CB1F7CA26E009AF40D /* PBXTargetDependency */,
			);
			name = migrateSampleTests;
			productName = migrateSampleTests;
			productReference = BB2B16C91F7CA26E009AF40D /* migrateSampleTests.xctest */;
			productType = "com.apple.product-type.bundle.unit-test";
		};
/* End PBXNativeTarget section */

/* Begin PBXProject section */
		BB2B16AA1F7CA26E009AF40D /* Project object */ = {
			isa = PBXProject;
			attributes = {
				LastSwiftUpdateCheck = 0900;
				LastUpgradeCheck = 0900;
				ORGANIZATIONNAME = "Paul Wilkinson";
				TargetAttributes = {
					BB2B16B11F7CA26E009AF40D = {
						CreatedOnToolsVersion = 9.0;
						ProvisioningStyle = Automatic;
						SystemCapabilities = {
							com.apple.Push = {
								enabled = 1;
							};
							com.apple.iCloud = {
								enabled = 1;
							};
						};
					};
					BB2B16C81F7CA26E009AF40D = {
						CreatedOnToolsVersion = 9.0;
						ProvisioningStyle = Automatic;
						TestTargetID = BB2B16B11F7CA26E009AF40D;
					};
				};
			};
			buildConfigurationList = BB2B16AD1F7CA26E009AF40D /* Build configuration list for PBXProject "migrateSample" */;
			compatibilityVersion = "Xcode 8.0";
			developmentRegion = en;
			hasScannedForEncodings = 0;
			knownRegions = (
				en,
				Base,
			);
			mainGroup = BB2B16A91F7CA26E009AF40D;
			productRefGroup = BB2B16B31F7CA26E009AF40D /* Products */;
			projectDirPath = "";
			projectRoot = "";
			targets = (
				BB2B16B11F7CA26E009AF40D /* migrateSample */,
				BB2B16C81F7CA26E009AF40D /* migrateSampleTests */,
			);
		};
/* End PBXProject section */

/* Begin PBXResourcesBuildPhase section */
		BB2B16B01F7CA26E009AF40D /* Resources */ = {
			isa = PBXResourcesBuildPhase;
			buildActionMask = 2147483647;
			files = (
				BB2B16C31F7CA26E009AF40D /* LaunchScreen.storyboard in Resources */,
				BB2B16C01F7CA26E009AF40D /* Assets.xcassets in Resources */,
				BB2B16BB1F7CA26E009AF40D /* Main.storyboard in Resources */,
			);
			runOnlyForDeploymentPostprocessing = 0;
		};
		BB2B16C71F7CA26E009AF40D /* Resources */ = {
			isa = PBXResourcesBuildPhase;
			buildActionMask = 2147483647;
			files = (
			);
			runOnlyForDeploymentPostprocessing = 0;
		};
/* End PBXResourcesBuildPhase section */

/* Begin PBXShellScriptBuildPhase section */
		AAFFA33D90B47883B7A08163 /* [CP] Copy Pods Resources */ = {
			isa = PBXShellScriptBuildPhase;
			buildActionMask = 2147483647;
			files = (
			);
			inputPaths = (
			);
			name = "[CP] Copy Pods Resources";
			outputPaths = (
			);
			runOnlyForDeploymentPostprocessing = 0;
			shellPath = /bin/sh;
			shellScript = "\"${SRCROOT}/Pods/Target Support Files/Pods-migrateSample/Pods-migrateSample-resources.sh\"\n";
			showEnvVarsInLog = 0;
		};
		D2163400D0B10BA5698887B8 /* [CP] Embed Pods Frameworks */ = {
			isa = PBXShellScriptBuildPhase;
			buildActionMask = 2147483647;
			files = (
			);
			inputPaths = (
				"${SRCROOT}/Pods/Target Support Files/Pods-migrateSample/Pods-migrateSample-frameworks.sh",
				"${BUILT_PRODUCTS_DIR}/Seam3/Seam3.framework",
			);
			name = "[CP] Embed Pods Frameworks";
			outputPaths = (
				"${TARGET_BUILD_DIR}/${FRAMEWORKS_FOLDER_PATH}/Seam3.framework",
			);
			runOnlyForDeploymentPostprocessing = 0;
			shellPath = /bin/sh;
			shellScript = "\"${SRCROOT}/Pods/Target Support Files/Pods-migrateSample/Pods-migrateSample-frameworks.sh\"\n";
			showEnvVarsInLog = 0;
		};
		EDEE31A9761567E008D363BD /* [CP] Check Pods Manifest.lock */ = {
			isa = PBXShellScriptBuildPhase;
			buildActionMask = 2147483647;
			files = (
			);
			inputPaths = (
				"${PODS_PODFILE_DIR_PATH}/Podfile.lock",
				"${PODS_ROOT}/Manifest.lock",
			);
			name = "[CP] Check Pods Manifest.lock";
			outputPaths = (
				"$(DERIVED_FILE_DIR)/Pods-migrateSample-checkManifestLockResult.txt",
			);
			runOnlyForDeploymentPostprocessing = 0;
			shellPath = /bin/sh;
			shellScript = "diff \"${PODS_PODFILE_DIR_PATH}/Podfile.lock\" \"${PODS_ROOT}/Manifest.lock\" > /dev/null\nif [ $? != 0 ] ; then\n    # print error to STDERR\n    echo \"error: The sandbox is not in sync with the Podfile.lock. Run 'pod install' or update your CocoaPods installation.\" >&2\n    exit 1\nfi\n# This output is used by Xcode 'outputs' to avoid re-running this script phase.\necho \"SUCCESS\" > \"${SCRIPT_OUTPUT_FILE_0}\"\n";
			showEnvVarsInLog = 0;
		};
/* End PBXShellScriptBuildPhase section */

/* Begin PBXSourcesBuildPhase section */
		BB2B16AE1F7CA26E009AF40D /* Sources */ = {
			isa = PBXSourcesBuildPhase;
			buildActionMask = 2147483647;
			files = (
				BB2B16BE1F7CA26E009AF40D /* migrateSample.xcdatamodeld in Sources */,
				BB2B16B81F7CA26E009AF40D /* ViewController.swift in Sources */,
				BB2B16B61F7CA26E009AF40D /* AppDelegate.swift in Sources */,
			);
			runOnlyForDeploymentPostprocessing = 0;
		};
		BB2B16C51F7CA26E009AF40D /* Sources */ = {
			isa = PBXSourcesBuildPhase;
			buildActionMask = 2147483647;
			files = (
				BB2B16CE1F7CA26E009AF40D /* migrateSampleTests.swift in Sources */,
			);
			runOnlyForDeploymentPostprocessing = 0;
		};
/* End PBXSourcesBuildPhase section */

/* Begin PBXTargetDependency section */
		BB2B16CB1F7CA26E009AF40D /* PBXTargetDependency */ = {
			isa = PBXTargetDependency;
			target = BB2B16B11F7CA26E009AF40D /* migrateSample */;
			targetProxy = BB2B16CA1F7CA26E009AF40D /* PBXContainerItemProxy */;
		};
/* End PBXTargetDependency section */

/* Begin PBXVariantGroup section */
		BB2B16B91F7CA26E009AF40D /* Main.storyboard */ = {
			isa = PBXVariantGroup;
			children = (
				BB2B16BA1F7CA26E009AF40D /* Base */,
			);
			name = Main.storyboard;
			sourceTree = "<group>";
		};
		BB2B16C11F7CA26E009AF40D /* LaunchScreen.storyboard */ = {
			isa = PBXVariantGroup;
			children = (
				BB2B16C21F7CA26E009AF40D /* Base */,
			);
			name = LaunchScreen.storyboard;
			sourceTree = "<group>";
		};
/* End PBXVariantGroup section */

/* Begin XCBuildConfiguration section */
		BB2B16D01F7CA26E009AF40D /* Debug */ = {
			isa = XCBuildConfiguration;
			buildSettings = {
				ALWAYS_SEARCH_USER_PATHS = NO;
				CLANG_ANALYZER_NONNULL = YES;
				CLANG_ANALYZER_NUMBER_OBJECT_CONVERSION = YES_AGGRESSIVE;
				CLANG_CXX_LANGUAGE_STANDARD = "gnu++14";
				CLANG_CXX_LIBRARY = "libc++";
				CLANG_ENABLE_MODULES = YES;
				CLANG_ENABLE_OBJC_ARC = YES;
				CLANG_WARN_BLOCK_CAPTURE_AUTORELEASING = YES;
				CLANG_WARN_BOOL_CONVERSION = YES;
				CLANG_WARN_COMMA = YES;
				CLANG_WARN_CONSTANT_CONVERSION = YES;
				CLANG_WARN_DIRECT_OBJC_ISA_USAGE = YES_ERROR;
				CLANG_WARN_DOCUMENTATION_COMMENTS = YES;
				CLANG_WARN_EMPTY_BODY = YES;
				CLANG_WARN_ENUM_CONVERSION = YES;
				CLANG_WARN_INFINITE_RECURSION = YES;
				CLANG_WARN_INT_CONVERSION = YES;
				CLANG_WARN_NON_LITERAL_NULL_CONVERSION = YES;
				CLANG_WARN_OBJC_LITERAL_CONVERSION = YES;
				CLANG_WARN_OBJC_ROOT_CLASS = YES_ERROR;
				CLANG_WARN_RANGE_LOOP_ANALYSIS = YES;
				CLANG_WARN_STRICT_PROTOTYPES = YES;
				CLANG_WARN_SUSPICIOUS_MOVE = YES;
				CLANG_WARN_UNGUARDED_AVAILABILITY = YES_AGGRESSIVE;
				CLANG_WARN_UNREACHABLE_CODE = YES;
				CLANG_WARN__DUPLICATE_METHOD_MATCH = YES;
				CODE_SIGN_IDENTITY = "iPhone Developer";
				COPY_PHASE_STRIP = NO;
				DEBUG_INFORMATION_FORMAT = dwarf;
				ENABLE_STRICT_OBJC_MSGSEND = YES;
				ENABLE_TESTABILITY = YES;
				GCC_C_LANGUAGE_STANDARD = gnu11;
				GCC_DYNAMIC_NO_PIC = NO;
				GCC_NO_COMMON_BLOCKS = YES;
				GCC_OPTIMIZATION_LEVEL = 0;
				GCC_PREPROCESSOR_DEFINITIONS = (
					"DEBUG=1",
					"$(inherited)",
				);
				GCC_WARN_64_TO_32_BIT_CONVERSION = YES;
				GCC_WARN_ABOUT_RETURN_TYPE = YES_ERROR;
				GCC_WARN_UNDECLARED_SELECTOR = YES;
				GCC_WARN_UNINITIALIZED_AUTOS = YES_AGGRESSIVE;
				GCC_WARN_UNUSED_FUNCTION = YES;
				GCC_WARN_UNUSED_VARIABLE = YES;
				IPHONEOS_DEPLOYMENT_TARGET = 11.0;
				MTL_ENABLE_DEBUG_INFO = YES;
				ONLY_ACTIVE_ARCH = YES;
				SDKROOT = iphoneos;
				SWIFT_ACTIVE_COMPILATION_CONDITIONS = DEBUG;
				SWIFT_OPTIMIZATION_LEVEL = "-Onone";
			};
			name = Debug;
		};
		BB2B16D11F7CA26E009AF40D /* Release */ = {
			isa = XCBuildConfiguration;
			buildSettings = {
				ALWAYS_SEARCH_USER_PATHS = NO;
				CLANG_ANALYZER_NONNULL = YES;
				CLANG_ANALYZER_NUMBER_OBJECT_CONVERSION = YES_AGGRESSIVE;
				CLANG_CXX_LANGUAGE_STANDARD = "gnu++14";
				CLANG_CXX_LIBRARY = "libc++";
				CLANG_ENABLE_MODULES = YES;
				CLANG_ENABLE_OBJC_ARC = YES;
				CLANG_WARN_BLOCK_CAPTURE_AUTORELEASING = YES;
				CLANG_WARN_BOOL_CONVERSION = YES;
				CLANG_WARN_COMMA = YES;
				CLANG_WARN_CONSTANT_CONVERSION = YES;
				CLANG_WARN_DIRECT_OBJC_ISA_USAGE = YES_ERROR;
				CLANG_WARN_DOCUMENTATION_COMMENTS = YES;
				CLANG_WARN_EMPTY_BODY = YES;
				CLANG_WARN_ENUM_CONVERSION = YES;
				CLANG_WARN_INFINITE_RECURSION = YES;
				CLANG_WARN_INT_CONVERSION = YES;
				CLANG_WARN_NON_LITERAL_NULL_CONVERSION = YES;
				CLANG_WARN_OBJC_LITERAL_CONVERSION = YES;
				CLANG_WARN_OBJC_ROOT_CLASS = YES_ERROR;
				CLANG_WARN_RANGE_LOOP_ANALYSIS = YES;
				CLANG_WARN_STRICT_PROTOTYPES = YES;
				CLANG_WARN_SUSPICIOUS_MOVE = YES;
				CLANG_WARN_UNGUARDED_AVAILABILITY = YES_AGGRESSIVE;
				CLANG_WARN_UNREACHABLE_CODE = YES;
				CLANG_WARN__DUPLICATE_METHOD_MATCH = YES;
				CODE_SIGN_IDENTITY = "iPhone Developer";
				COPY_PHASE_STRIP = NO;
				DEBUG_INFORMATION_FORMAT = "dwarf-with-dsym";
				ENABLE_NS_ASSERTIONS = NO;
				ENABLE_STRICT_OBJC_MSGSEND = YES;
				GCC_C_LANGUAGE_STANDARD = gnu11;
				GCC_NO_COMMON_BLOCKS = YES;
				GCC_WARN_64_TO_32_BIT_CONVERSION = YES;
				GCC_WARN_ABOUT_RETURN_TYPE = YES_ERROR;
				GCC_WARN_UNDECLARED_SELECTOR = YES;
				GCC_WARN_UNINITIALIZED_AUTOS = YES_AGGRESSIVE;
				GCC_WARN_UNUSED_FUNCTION = YES;
				GCC_WARN_UNUSED_VARIABLE = YES;
				IPHONEOS_DEPLOYMENT_TARGET = 11.0;
				MTL_ENABLE_DEBUG_INFO = NO;
				SDKROOT = iphoneos;
				SWIFT_OPTIMIZATION_LEVEL = "-Owholemodule";
				VALIDATE_PRODUCT = YES;
			};
			name = Release;
		};
		BB2B16D31F7CA26E009AF40D /* Debug */ = {
			isa = XCBuildConfiguration;
			baseConfigurationReference = C5A437A953276C1FCF9329CA /* Pods-migrateSample.debug.xcconfig */;
			buildSettings = {
				ASSETCATALOG_COMPILER_APPICON_NAME = AppIcon;
				CODE_SIGN_ENTITLEMENTS = migrateSample/migrateSample.entitlements;
				CODE_SIGN_STYLE = Automatic;
				DEVELOPMENT_TEAM = UPP93EJ3U2;
				INFOPLIST_FILE = migrateSample/Info.plist;
				LD_RUNPATH_SEARCH_PATHS = "$(inherited) @executable_path/Frameworks";
				PRODUCT_BUNDLE_IDENTIFIER = me.wilko.migrateSample;
				PRODUCT_NAME = "$(TARGET_NAME)";
				SWIFT_VERSION = 4.0;
				TARGETED_DEVICE_FAMILY = "1,2";
			};
			name = Debug;
		};
		BB2B16D41F7CA26E009AF40D /* Release */ = {
			isa = XCBuildConfiguration;
			baseConfigurationReference = 9357B4868833F591E71A79FC /* Pods-migrateSample.release.xcconfig */;
			buildSettings = {
				ASSETCATALOG_COMPILER_APPICON_NAME = AppIcon;
				CODE_SIGN_ENTITLEMENTS = migrateSample/migrateSample.entitlements;
				CODE_SIGN_STYLE = Automatic;
				DEVELOPMENT_TEAM = UPP93EJ3U2;
				INFOPLIST_FILE = migrateSample/Info.plist;
				LD_RUNPATH_SEARCH_PATHS = "$(inherited) @executable_path/Frameworks";
				PRODUCT_BUNDLE_IDENTIFIER = me.wilko.migrateSample;
				PRODUCT_NAME = "$(TARGET_NAME)";
				SWIFT_VERSION = 4.0;
				TARGETED_DEVICE_FAMILY = "1,2";
			};
			name = Release;
		};
		BB2B16D61F7CA26E009AF40D /* Debug */ = {
			isa = XCBuildConfiguration;
			buildSettings = {
				ALWAYS_EMBED_SWIFT_STANDARD_LIBRARIES = YES;
				BUNDLE_LOADER = "$(TEST_HOST)";
				CODE_SIGN_STYLE = Automatic;
				DEVELOPMENT_TEAM = UPP93EJ3U2;
				INFOPLIST_FILE = migrateSampleTests/Info.plist;
				LD_RUNPATH_SEARCH_PATHS = "$(inherited) @executable_path/Frameworks @loader_path/Frameworks";
				PRODUCT_BUNDLE_IDENTIFIER = me.wilko.migrateSampleTests;
				PRODUCT_NAME = "$(TARGET_NAME)";
				SWIFT_VERSION = 4.0;
				TARGETED_DEVICE_FAMILY = "1,2";
				TEST_HOST = "$(BUILT_PRODUCTS_DIR)/migrateSample.app/migrateSample";
			};
			name = Debug;
		};
		BB2B16D71F7CA26E009AF40D /* Release */ = {
			isa = XCBuildConfiguration;
			buildSettings = {
				ALWAYS_EMBED_SWIFT_STANDARD_LIBRARIES = YES;
				BUNDLE_LOADER = "$(TEST_HOST)";
				CODE_SIGN_STYLE = Automatic;
				DEVELOPMENT_TEAM = UPP93EJ3U2;
				INFOPLIST_FILE = migrateSampleTests/Info.plist;
				LD_RUNPATH_SEARCH_PATHS = "$(inherited) @executable_path/Frameworks @loader_path/Frameworks";
				PRODUCT_BUNDLE_IDENTIFIER = me.wilko.migrateSampleTests;
				PRODUCT_NAME = "$(TARGET_NAME)";
				SWIFT_VERSION = 4.0;
				TARGETED_DEVICE_FAMILY = "1,2";
				TEST_HOST = "$(BUILT_PRODUCTS_DIR)/migrateSample.app/migrateSample";
			};
			name = Release;
		};
/* End XCBuildConfiguration section */

/* Begin XCConfigurationList section */
		BB2B16AD1F7CA26E009AF40D /* Build configuration list for PBXProject "migrateSample" */ = {
			isa = XCConfigurationList;
			buildConfigurations = (
				BB2B16D01F7CA26E009AF40D /* Debug */,
				BB2B16D11F7CA26E009AF40D /* Release */,
			);
			defaultConfigurationIsVisible = 0;
			defaultConfigurationName = Release;
		};
		BB2B16D21F7CA26E009AF40D /* Build configuration list for PBXNativeTarget "migrateSample" */ = {
			isa = XCConfigurationList;
			buildConfigurations = (
				BB2B16D31F7CA26E009AF40D /* Debug */,
				BB2B16D41F7CA26E009AF40D /* Release */,
			);
			defaultConfigurationIsVisible = 0;
			defaultConfigurationName = Release;
		};
		BB2B16D51F7CA26E009AF40D /* Build configuration list for PBXNativeTarget "migrateSampleTests" */ = {
			isa = XCConfigurationList;
			buildConfigurations = (
				BB2B16D61F7CA26E009AF40D /* Debug */,
				BB2B16D71F7CA26E009AF40D /* Release */,
			);
			defaultConfigurationIsVisible = 0;
			defaultConfigurationName = Release;
		};
/* End XCConfigurationList section */

/* Begin XCVersionGroup section */
		BB2B16BC1F7CA26E009AF40D /* migrateSample.xcdatamodeld */ = {
			isa = XCVersionGroup;
			children = (
				BB2B16BD1F7CA26E009AF40D /* migrateSample.xcdatamodel */,
			);
			currentVersion = BB2B16BD1F7CA26E009AF40D /* migrateSample.xcdatamodel */;
			path = migrateSample.xcdatamodeld;
			sourceTree = "<group>";
			versionGroupType = wrapper.xcdatamodel;
		};
/* End XCVersionGroup section */
	};
	rootObject = BB2B16AA1F7CA26E009AF40D /* Project object */;
}
